{
  "version": 4,
  "terraform_version": "1.12.2",
  "serial": 28,
  "lineage": "760e3afb-06f8-14d1-20ee-53bb2b4b78ac",
  "outputs": {},
  "resources": [
    {
      "mode": "managed",
      "type": "google_compute_firewall",
      "name": "jenkins_ports",
      "provider": "provider[\"registry.terraform.io/hashicorp/google\"]",
      "instances": [
        {
          "schema_version": 1,
          "attributes": {
            "allow": [
              {
                "ports": [
                  "8081",
                  "50000"
                ],
                "protocol": "tcp"
              }
            ],
            "creation_timestamp": "2025-12-12T06:48:13.842-08:00",
            "deny": [],
            "description": "Allow inbound TCP traffic for Jenkins on ports 8081 and 50000",
            "destination_ranges": [],
            "direction": "INGRESS",
            "disabled": false,
            "enable_logging": null,
            "id": "projects/seventh-acronym-480008-b9/global/firewalls/allow-jenkins-ports",
            "log_config": [],
            "name": "allow-jenkins-ports",
            "network": "https://www.googleapis.com/compute/v1/projects/seventh-acronym-480008-b9/global/networks/default",
            "priority": 1000,
            "project": "seventh-acronym-480008-b9",
            "self_link": "https://www.googleapis.com/compute/v1/projects/seventh-acronym-480008-b9/global/firewalls/allow-jenkins-ports",
            "source_ranges": [
              "0.0.0.0/0"
            ],
            "source_service_accounts": [],
            "source_tags": [],
            "target_service_accounts": [],
            "target_tags": [
              "jenkins"
            ],
            "timeouts": null
          },
          "sensitive_attributes": [],
          "identity_schema_version": 0,
          "private": "eyJlMmJmYjczMC1lY2FhLTExZTYtOGY4OC0zNDM2M2JjN2M0YzAiOnsiY3JlYXRlIjoxMjAwMDAwMDAwMDAwLCJkZWxldGUiOjEyMDAwMDAwMDAwMDAsInVwZGF0ZSI6MTIwMDAwMDAwMDAwMH0sInNjaGVtYV92ZXJzaW9uIjoiMSJ9"
        }
      ]
    },
    {
      "mode": "managed",
      "type": "google_compute_instance",
      "name": "jenkins_mle",
      "provider": "provider[\"registry.terraform.io/hashicorp/google\"]",
      "instances": [
        {
          "schema_version": 6,
          "attributes": {
            "advanced_machine_features": [],
            "allow_stopping_for_update": null,
            "attached_disk": [],
            "boot_disk": [
              {
                "auto_delete": true,
                "device_name": "persistent-disk-0",
                "disk_encryption_key_raw": "",
                "disk_encryption_key_sha256": "",
                "initialize_params": [
                  {
                    "image": "https://www.googleapis.com/compute/v1/projects/ubuntu-os-cloud/global/images/ubuntu-2204-jammy-v20251203",
                    "labels": {},
                    "resource_manager_tags": {},
                    "size": 50,
                    "type": "pd-standard"
                  }
                ],
                "kms_key_self_link": "",
                "mode": "READ_WRITE",
                "source": "https://www.googleapis.com/compute/v1/projects/seventh-acronym-480008-b9/zones/asia-southeast1-b/disks/jenkins-mle"
              }
            ],
            "can_ip_forward": false,
            "confidential_instance_config": [],
            "cpu_platform": "AMD Rome",
            "current_status": "RUNNING",
            "deletion_protection": false,
            "description": "",
            "desired_status": null,
            "enable_display": false,
            "guest_accelerator": [],
            "hostname": "",
            "id": "projects/seventh-acronym-480008-b9/zones/asia-southeast1-b/instances/jenkins-mle",
            "instance_id": "4936268068844333499",
            "label_fingerprint": "42WmSpB8rSM=",
            "labels": {},
            "machine_type": "e2-standard-2",
            "metadata": {},
            "metadata_fingerprint": "yctyk8f-5QQ=",
            "metadata_startup_script": null,
            "min_cpu_platform": "",
            "name": "jenkins-mle",
            "network_interface": [
              {
                "access_config": [
                  {
                    "nat_ip": "34.142.150.123",
                    "network_tier": "PREMIUM",
                    "public_ptr_domain_name": ""
                  }
                ],
                "alias_ip_range": [],
                "ipv6_access_config": [],
                "ipv6_access_type": "",
                "name": "nic0",
                "network": "https://www.googleapis.com/compute/v1/projects/seventh-acronym-480008-b9/global/networks/default",
                "network_ip": "10.148.0.20",
                "nic_type": "",
                "queue_count": 0,
                "stack_type": "IPV4_ONLY",
                "subnetwork": "https://www.googleapis.com/compute/v1/projects/seventh-acronym-480008-b9/regions/asia-southeast1/subnetworks/default",
                "subnetwork_project": "seventh-acronym-480008-b9"
              }
            ],
            "network_performance_config": [],
            "params": [],
            "project": "seventh-acronym-480008-b9",
            "reservation_affinity": [],
            "resource_policies": [],
            "scheduling": [
              {
                "automatic_restart": true,
                "instance_termination_action": "",
                "local_ssd_recovery_timeout": [],
                "min_node_cpus": 0,
                "node_affinities": [],
                "on_host_maintenance": "MIGRATE",
                "preemptible": false,
                "provisioning_model": "STANDARD"
              }
            ],
            "scratch_disk": [],
            "self_link": "https://www.googleapis.com/compute/v1/projects/seventh-acronym-480008-b9/zones/asia-southeast1-b/instances/jenkins-mle",
            "service_account": [],
            "shielded_instance_config": [
              {
                "enable_integrity_monitoring": true,
                "enable_secure_boot": false,
                "enable_vtpm": true
              }
            ],
            "tags": [],
            "tags_fingerprint": "42WmSpB8rSM=",
            "timeouts": null,
            "zone": "asia-southeast1-b"
          },
          "sensitive_attributes": [
            [
              {
                "type": "get_attr",
                "value": "boot_disk"
              },
              {
                "type": "index",
                "value": {
                  "value": 0,
                  "type": "number"
                }
              },
              {
                "type": "get_attr",
                "value": "disk_encryption_key_raw"
              }
            ]
          ],
          "identity_schema_version": 0,
          "private": "eyJlMmJmYjczMC1lY2FhLTExZTYtOGY4OC0zNDM2M2JjN2M0YzAiOnsiY3JlYXRlIjoxMjAwMDAwMDAwMDAwLCJkZWxldGUiOjEyMDAwMDAwMDAwMDAsInVwZGF0ZSI6MTIwMDAwMDAwMDAwMH0sInNjaGVtYV92ZXJzaW9uIjoiNiJ9"
        }
      ]
    },
    {
      "mode": "managed",
      "type": "google_container_cluster",
      "name": "primary",
      "provider": "provider[\"registry.terraform.io/hashicorp/google\"]",
      "instances": [
        {
          "schema_version": 1,
          "attributes": {
            "addons_config": [
              {
                "cloudrun_config": [],
                "config_connector_config": [],
                "dns_cache_config": [],
                "gce_persistent_disk_csi_driver_config": [
                  {
                    "enabled": true
                  }
                ],
                "gcp_filestore_csi_driver_config": [],
                "gcs_fuse_csi_driver_config": [],
                "gke_backup_agent_config": [],
                "horizontal_pod_autoscaling": [],
                "http_load_balancing": [],
                "network_policy_config": [
                  {
                    "disabled": true
                  }
                ]
              }
            ],
            "allow_net_admin": null,
            "authenticator_groups_config": [],
            "binary_authorization": [
              {
                "enabled": false,
                "evaluation_mode": ""
              }
            ],
            "cluster_autoscaling": [
              {
                "auto_provisioning_defaults": [],
                "enabled": false,
                "resource_limits": []
              }
            ],
            "cluster_ipv4_cidr": "10.0.0.0/14",
            "confidential_nodes": [],
            "cost_management_config": [],
            "database_encryption": [
              {
                "key_name": "",
                "state": "DECRYPTED"
              }
            ],
            "datapath_provider": "",
            "default_max_pods_per_node": null,
            "default_snat_status": [
              {
                "disabled": false
              }
            ],
            "description": "",
            "dns_config": [],
            "enable_autopilot": false,
            "enable_binary_authorization": false,
            "enable_intranode_visibility": false,
            "enable_k8s_beta_apis": [],
            "enable_kubernetes_alpha": false,
            "enable_l4_ilb_subsetting": false,
            "enable_legacy_abac": false,
            "enable_shielded_nodes": true,
            "enable_tpu": false,
            "endpoint": "34.142.139.101",
            "gateway_api_config": [],
            "id": "projects/seventh-acronym-480008-b9/locations/asia-southeast1-b/clusters/seventh-acronym-480008-b9-gke-k5",
            "initial_node_count": 1,
            "ip_allocation_policy": [],
            "label_fingerprint": "a9dc16a7",
            "location": "asia-southeast1-b",
            "logging_config": [
              {
                "enable_components": [
                  "SYSTEM_COMPONENTS",
                  "WORKLOADS"
                ]
              }
            ],
            "logging_service": "logging.googleapis.com/kubernetes",
            "maintenance_policy": [],
            "master_auth": [
              {
                "client_certificate": "",
                "client_certificate_config": [
                  {
                    "issue_client_certificate": false
                  }
                ],
                "client_key": "",
                "cluster_ca_certificate": "LS0tLS1CRUdJTiBDRVJUSUZJQ0FURS0tLS0tCk1JSUVMRENDQXBTZ0F3SUJBZ0lRZC9YcXRQUmFya21yU0tLNlVVb1U1VEFOQmdrcWhraUc5dzBCQVFzRkFEQXYKTVMwd0t3WURWUVFERXlReFpqZGhNRGczTkMwM056ZzJMVFEwWm1FdE9HWTNOeTAyTWpJMlpHTXpNVGxpWlRndwpJQmNOTWpVeE1qRXlNVFF3TWpRMVdoZ1BNakExTlRFeU1EVXhOVEF5TkRWYU1DOHhMVEFyQmdOVkJBTVRKREZtCk4yRXdPRGMwTFRjM09EWXRORFJtWVMwNFpqYzNMVFl5TWpaa1l6TXhPV0psT0RDQ0FhSXdEUVlKS29aSWh2Y04KQVFFQkJRQURnZ0dQQURDQ0FZb0NnZ0dCQUxydnN5NHhhWEl5KzUwWjIrTWtDU09zK0hNYmhjTDZZZ3k4K0V5eQpmL2l0RDViVHpVNEZaVmtXOHhWSGwyNy90QUNILzdCcXB2TkJHVXBubHBEVC90SmxWWkxkdVQyR2JPRW82NGxmCjNTeUpaZXQxaVVnUGVqRmo3T2djdDZPNy9kNmlUbXVtdVh6RjJpSVRMcjNNVDEyeGl3Q3NjbWM0Vm13WnhZNTYKSkFRaEZZRWF6ZGFSQjZjT01vU0V2YXhRZVVxL0l3ZDNXK3pwbkpuT0U3VmJkS0d4U250NG4xUlYzRkZDeGpJegpkYzF6MjlXMUgxNkRDQSszdEtJdTRZRmd0bjJRZDJHT3FzT1FLQ09TWXc0aFNzcTBiYmU2T0pvNWVuK3BLbExIClk1UkJkVmp0TmxDMXdsczBBaUFsWnhaRFF0RW9ScFY0UC9aeU5LUU04OUkzQmNsVHVqWGxlYkM5a042WlY0T0UKWmJBVmVBQ25CbDJuWGhlV3lDTTJUeGpLZjJmOTlOVmV4NUs2aDRnRkYvNWlKRThka1dnZDAzbCtjaWhweXYwdgp3TS9LNitqQmUxM2NWcythemo2YWc2dVNLRFJiZllzRm1HbE5NNkdxK21oaHF4UThtYUZPUXp1KzdadjVobjc4CjBMZ3Q4Tlg1Y2dBc1ArRzZndWxRbFJUbVB3SURBUUFCbzBJd1FEQU9CZ05WSFE4QkFmOEVCQU1DQWdRd0R3WUQKVlIwVEFRSC9CQVV3QXdFQi96QWRCZ05WSFE0RUZnUVUrK1RTWm9rM2VYVEVtWmxLTmhuNmRiNzlEUm93RFFZSgpLb1pJaHZjTkFRRUxCUUFEZ2dHQkFDd0lMWG94SGlCeE85K0xBbE5OQkVVMWtiTElNVm1hRDEzb3FRcTBFUE9PClR6SnJWcFM3SlgzNDZIRHVNZldVaTRCU01ONXNwUFNBQTEwVE5ES1R6ejMra0FsMDcrdVdLYjJsMWdyTmF5K0QKTFBzRWNVRzcvUjV5em1kYkFjT0pQSnkrVHhoYUNHalJ1ZEJMUVREL25qMDZ1b2xqeWJJSDVpODQwSXV3N2V0NwoweEZJRE5wclNEcVRpMVJmU2JNYnBzQnFLckhMb0lIMGFaNk9MVTdYWUhDZzVmTk9SMStCM0h3T3U5Z2FJdndTCkh0SEZHUVlKbXR4V25iMSthc3R0ek5pd2JYQkN5V1RtK29OL1ZNQkd5UlNWWmdqMzRZay9DM05WVVdnMVVhU00KdkJOc3JPUy9zRzB1bGVTV3o5U1NHbnVsT0JkMmR4YklmTEYvVTkzbVp1cHhBQVhDd2lOL2RNZkdma1BaTytOegpKTENHU3ZOSlFINWhiUVgzSVRjdFZYTXdtNVpyNHZEc1hSWVduS1FsZmxnOHdHeVJaTUtpUHV5dEdKVjNVS05qClc3M243bEhxL0s1UEE0VXJxeUw4L0YyVlo5bmdYeER5TDRGSFl4UGU2OHhRN3B6SGl2bXdseVM5emdKMzA5MWUKaTRidXhrMjBaL01yL3dBekFIalBjZz09Ci0tLS0tRU5EIENFUlRJRklDQVRFLS0tLS0K"
              }
            ],
            "master_authorized_networks_config": [],
            "master_version": "1.33.5-gke.1308000",
            "mesh_certificates": [],
            "min_master_version": null,
            "monitoring_config": [
              {
                "advanced_datapath_observability_config": [
                  {
                    "enable_metrics": false,
                    "relay_mode": ""
                  }
                ],
                "enable_components": [
                  "SYSTEM_COMPONENTS",
                  "HPA",
                  "POD",
                  "DAEMONSET",
                  "DEPLOYMENT",
                  "STATEFULSET",
                  "JOBSET",
                  "STORAGE",
                  "CADVISOR",
                  "KUBELET",
                  "DCGM"
                ],
                "managed_prometheus": [
                  {
                    "enabled": true
                  }
                ]
              }
            ],
            "monitoring_service": "monitoring.googleapis.com/kubernetes",
            "name": "seventh-acronym-480008-b9-gke-k5",
            "network": "projects/seventh-acronym-480008-b9/global/networks/default",
            "network_policy": [
              {
                "enabled": false,
                "provider": "PROVIDER_UNSPECIFIED"
              }
            ],
            "networking_mode": "ROUTES",
            "node_config": [],
            "node_locations": [],
            "node_pool": [],
            "node_pool_defaults": [
              {
                "node_config_defaults": [
                  {
                    "logging_variant": "DEFAULT"
                  }
                ]
              }
            ],
            "node_version": "1.33.5-gke.1308000",
            "notification_config": [
              {
                "pubsub": [
                  {
                    "enabled": false,
                    "filter": [],
                    "topic": ""
                  }
                ]
              }
            ],
            "operation": null,
            "private_cluster_config": [
              {
                "enable_private_endpoint": false,
                "enable_private_nodes": false,
                "master_global_access_config": [
                  {
                    "enabled": false
                  }
                ],
                "master_ipv4_cidr_block": "",
                "peering_name": "",
                "private_endpoint": "10.148.0.16",
                "private_endpoint_subnetwork": "",
                "public_endpoint": "34.142.139.101"
              }
            ],
            "private_ipv6_google_access": "",
            "project": "seventh-acronym-480008-b9",
            "release_channel": [
              {
                "channel": "REGULAR"
              }
            ],
            "remove_default_node_pool": true,
            "resource_labels": {},
            "resource_usage_export_config": [],
            "security_posture_config": [
              {
                "mode": "BASIC",
                "vulnerability_mode": "VULNERABILITY_MODE_UNSPECIFIED"
              }
            ],
            "self_link": "https://container.googleapis.com/v1/projects/seventh-acronym-480008-b9/zones/asia-southeast1-b/clusters/seventh-acronym-480008-b9-gke-k5",
            "service_external_ips_config": [
              {
                "enabled": false
              }
            ],
            "services_ipv4_cidr": "10.3.240.0/20",
            "subnetwork": "projects/seventh-acronym-480008-b9/regions/asia-southeast1/subnetworks/default",
            "timeouts": null,
            "tpu_ipv4_cidr_block": "",
            "vertical_pod_autoscaling": [],
            "workload_identity_config": []
          },
          "sensitive_attributes": [
            [
              {
                "type": "get_attr",
                "value": "master_auth"
              },
              {
                "type": "index",
                "value": {
                  "value": 0,
                  "type": "number"
                }
              },
              {
                "type": "get_attr",
                "value": "client_key"
              }
            ]
          ],
          "identity_schema_version": 0,
          "private": "eyJlMmJmYjczMC1lY2FhLTExZTYtOGY4OC0zNDM2M2JjN2M0YzAiOnsiY3JlYXRlIjoyNDAwMDAwMDAwMDAwLCJkZWxldGUiOjI0MDAwMDAwMDAwMDAsInJlYWQiOjI0MDAwMDAwMDAwMDAsInVwZGF0ZSI6MzYwMDAwMDAwMDAwMH0sInNjaGVtYV92ZXJzaW9uIjoiMSJ9"
        }
      ]
    },
    {
      "mode": "managed",
      "type": "google_container_node_pool",
      "name": "primary_nodes",
      "provider": "provider[\"registry.terraform.io/hashicorp/google\"]",
      "instances": [
        {
          "schema_version": 1,
          "attributes": {
            "autoscaling": [
              {
                "location_policy": "BALANCED",
                "max_node_count": 2,
                "min_node_count": 1,
                "total_max_node_count": 0,
                "total_min_node_count": 0
              }
            ],
            "cluster": "seventh-acronym-480008-b9-gke-k5",
            "id": "projects/seventh-acronym-480008-b9/locations/asia-southeast1-b/clusters/seventh-acronym-480008-b9-gke-k5/nodePools/seventh-acronym-480008-b9-node-pool-1",
            "initial_node_count": 1,
            "instance_group_urls": [
              "https://www.googleapis.com/compute/v1/projects/seventh-acronym-480008-b9/zones/asia-southeast1-b/instanceGroupManagers/gke-seventh-acronym--seventh-acronym--e2834969-grp"
            ],
            "location": "asia-southeast1-b",
            "managed_instance_group_urls": [
              "https://www.googleapis.com/compute/v1/projects/seventh-acronym-480008-b9/zones/asia-southeast1-b/instanceGroups/gke-seventh-acronym--seventh-acronym--e2834969-grp"
            ],
            "management": [
              {
                "auto_repair": true,
                "auto_upgrade": true
              }
            ],
            "max_pods_per_node": null,
            "name": "seventh-acronym-480008-b9-node-pool-1",
            "name_prefix": "",
            "network_config": [],
            "node_config": [
              {
                "advanced_machine_features": [],
                "boot_disk_kms_key": "",
                "disk_size_gb": 20,
                "disk_type": "pd-standard",
                "ephemeral_storage_local_ssd_config": [],
                "gcfs_config": [],
                "guest_accelerator": [],
                "gvnic": [],
                "host_maintenance_policy": [],
                "image_type": "COS_CONTAINERD",
                "kubelet_config": [
                  {
                    "cpu_cfs_quota": false,
                    "cpu_cfs_quota_period": "",
                    "cpu_manager_policy": "",
                    "pod_pids_limit": 0
                  }
                ],
                "labels": {},
                "linux_node_config": [],
                "local_nvme_ssd_block_config": [],
                "local_ssd_count": 0,
                "logging_variant": "DEFAULT",
                "machine_type": "e2-small",
                "metadata": {
                  "disable-legacy-endpoints": "true"
                },
                "min_cpu_platform": "",
                "node_group": "",
                "oauth_scopes": [
                  "https://www.googleapis.com/auth/cloud-platform"
                ],
                "preemptible": false,
                "reservation_affinity": [],
                "resource_labels": {
                  "goog-gke-node-pool-provisioning-model": "on-demand"
                },
                "service_account": "default",
                "shielded_instance_config": [
                  {
                    "enable_integrity_monitoring": true,
                    "enable_secure_boot": false
                  }
                ],
                "sole_tenant_config": [],
                "spot": false,
                "tags": null,
                "taint": [],
                "workload_metadata_config": []
              }
            ],
            "node_count": 1,
            "node_locations": [
              "asia-southeast1-b"
            ],
            "operation": null,
            "placement_policy": [],
            "project": "seventh-acronym-480008-b9",
            "timeouts": null,
            "upgrade_settings": [
              {
                "blue_green_settings": [],
                "max_surge": 1,
                "max_unavailable": 0,
                "strategy": "SURGE"
              }
            ],
            "version": "1.33.5-gke.1308000"
          },
          "sensitive_attributes": [],
          "identity_schema_version": 0,
          "private": "eyJlMmJmYjczMC1lY2FhLTExZTYtOGY4OC0zNDM2M2JjN2M0YzAiOnsiY3JlYXRlIjoxODAwMDAwMDAwMDAwLCJkZWxldGUiOjE4MDAwMDAwMDAwMDAsInVwZGF0ZSI6MTgwMDAwMDAwMDAwMH0sInNjaGVtYV92ZXJzaW9uIjoiMSJ9",
          "dependencies": [
            "google_container_cluster.primary"
          ]
        }
      ]
    }
  ],
  "check_results": null
}
